
Microsoft Visual Studio Solution File, Format Version 12.00
# Visual Studio Version 17
VisualStudioVersion = 17.4.33213.308
MinimumVisualStudioVersion = 10.0.40219.1
Project("{9A19103F-16F7-4668-BE54-9A1E7A4F7556}") = "ShiftIdentity.Blazor", "ShiftIdentity.Blazor\ShiftIdentity.Blazor.csproj", "{38F3F70E-3221-44C4-BC4B-6020CC6A0DE5}"
EndProject
Project("{9A19103F-16F7-4668-BE54-9A1E7A4F7556}") = "ShiftIdentity.AspNetCore", "ShiftIdentity.AspNetCore\ShiftIdentity.AspNetCore.csproj", "{914EF3F0-8279-4721-AC59-158F40A5950B}"
EndProject
Project("{9A19103F-16F7-4668-BE54-9A1E7A4F7556}") = "ShiftIdentity.Core", "ShiftIdentity.Core\ShiftIdentity.Core.csproj", "{14F407E2-6040-4AD5-ACA2-726DAB10230E}"
EndProject
Global
	GlobalSection(SolutionConfigurationPlatforms) = preSolution
		Debug|Any CPU = Debug|Any CPU
		Release|Any CPU = Release|Any CPU
	EndGlobalSection
	GlobalSection(ProjectConfigurationPlatforms) = postSolution
		{38F3F70E-3221-44C4-BC4B-6020CC6A0DE5}.Debug|Any CPU.ActiveCfg = Debug|Any CPU
		{38F3F70E-3221-44C4-BC4B-6020CC6A0DE5}.Debug|Any CPU.Build.0 = Debug|Any CPU
		{38F3F70E-3221-44C4-BC4B-6020CC6A0DE5}.Release|Any CPU.ActiveCfg = Release|Any CPU
		{38F3F70E-3221-44C4-BC4B-6020CC6A0DE5}.Release|Any CPU.Build.0 = Release|Any CPU
		{914EF3F0-8279-4721-AC59-158F40A5950B}.Debug|Any CPU.ActiveCfg = Debug|Any CPU
		{914EF3F0-8279-4721-AC59-158F40A5950B}.Debug|Any CPU.Build.0 = Debug|Any CPU
		{914EF3F0-8279-4721-AC59-158F40A5950B}.Release|Any CPU.ActiveCfg = Release|Any CPU
		{914EF3F0-8279-4721-AC59-158F40A5950B}.Release|Any CPU.Build.0 = Release|Any CPU
		{14F407E2-6040-4AD5-ACA2-726DAB10230E}.Debug|Any CPU.ActiveCfg = Debug|Any CPU
		{14F407E2-6040-4AD5-ACA2-726DAB10230E}.Debug|Any CPU.Build.0 = Debug|Any CPU
		{14F407E2-6040-4AD5-ACA2-726DAB10230E}.Release|Any CPU.ActiveCfg = Release|Any CPU
		{14F407E2-6040-4AD5-ACA2-726DAB10230E}.Release|Any CPU.Build.0 = Release|Any CPU
	EndGlobalSection
	GlobalSection(SolutionProperties) = preSolution
		HideSolutionNode = FALSE
	EndGlobalSection
	GlobalSection(ExtensibilityGlobals) = postSolution
		SolutionGuid = {AF4D9BB2-159F-40B4-8E3E-9E25EE2E2C1D}
	EndGlobalSection
EndGlobal
